
Microsoft Visual Studio Solution File, Format Version 12.00
# Visual Studio Version 17
VisualStudioVersion = 17.13.35931.197
MinimumVisualStudioVersion = 10.0.40219.1
Project("{FAE04EC0-301F-11D3-BF4B-00C04F79EFBC}") = "ConsoleApp4", "ConsoleApp4\ConsoleApp4.csproj", "{E89DAF36-09FB-4657-9A76-1EB465BB7D8B}"
EndProject
Project("{FAE04EC0-301F-11D3-BF4B-00C04F79EFBC}") = "HomersekletAtvalto.Tests", "HomersekletAtvalto.Tests\HomersekletAtvalto.Tests.csproj", "{A0015E66-CDB1-4586-9934-83D9239B0E27}"
EndProject
Global
	GlobalSection(SolutionConfigurationPlatforms) = preSolution
		Debug|Any CPU = Debug|Any CPU
		Release|Any CPU = Release|Any CPU
	EndGlobalSection
	GlobalSection(ProjectConfigurationPlatforms) = postSolution
		{E89DAF36-09FB-4657-9A76-1EB465BB7D8B}.Debug|Any CPU.ActiveCfg = Debug|Any CPU
		{E89DAF36-09FB-4657-9A76-1EB465BB7D8B}.Debug|Any CPU.Build.0 = Debug|Any CPU
		{E89DAF36-09FB-4657-9A76-1EB465BB7D8B}.Release|Any CPU.ActiveCfg = Release|Any CPU
		{E89DAF36-09FB-4657-9A76-1EB465BB7D8B}.Release|Any CPU.Build.0 = Release|Any CPU
		{A0015E66-CDB1-4586-9934-83D9239B0E27}.Debug|Any CPU.ActiveCfg = Debug|Any CPU
		{A0015E66-CDB1-4586-9934-83D9239B0E27}.Debug|Any CPU.Build.0 = Debug|Any CPU
		{A0015E66-CDB1-4586-9934-83D9239B0E27}.Release|Any CPU.ActiveCfg = Release|Any CPU
		{A0015E66-CDB1-4586-9934-83D9239B0E27}.Release|Any CPU.Build.0 = Release|Any CPU
	EndGlobalSection
	GlobalSection(SolutionProperties) = preSolution
		HideSolutionNode = FALSE
	EndGlobalSection
	GlobalSection(ExtensibilityGlobals) = postSolution
		SolutionGuid = {86FF1F7E-2477-4906-9AD5-026BDEF657EF}
	EndGlobalSection
EndGlobal
